{
  "name": "Drive Metrics AI",
  "lockfileVersion": 3,
  "requires": true,
  "packages": {
    "": {
      "devDependencies": {
        "supabase": "^2.107.0-beta.18"
      }
    },
    "node_modules/@supabase/cli-darwin-arm64": {
      "version": "2.107.0-beta.18",
      "resolved": "https://registry.npmjs.org/@supabase/cli-darwin-arm64/-/cli-darwin-arm64-2.107.0-beta.18.tgz",
      "integrity": "sha512-gOe9xFs7SIlWyh2XdBzuZsnK55SSNhlSqbk2kwiwUC+2Gc+nU8iSAc3Wmhd7LQ7KZsFWzJ9hQi0m1j+kp5vBEQ==",
      "cpu": [
        "arm64"
      ],
      "dev": true,
      "license": "MIT",
      "optional": true,
      "os": [
        "darwin"
      ]
    },
    "node_modules/@supabase/cli-darwin-x64": {
      "version": "2.107.0-beta.18",
      "resolved": "https://registry.npmjs.org/@supabase/cli-darwin-x64/-/cli-darwin-x64-2.107.0-beta.18.tgz",
      "integrity": "sha512-PWJUmL84iJ1wl2XofsDgca8ddBxiw7hVOPT9t7GvCH/69xfr8IJMsXk0P+4dGIWhVJAYpNgE7+UaUAjZ2YSf0A==",
      "cpu": [
        "x64"
      ],
      "dev": true,
      "license": "MIT",
      "optional": true,
      "os": [
        "darwin"
      ]
    },
    "node_modules/@supabase/cli-linux-arm64": {
      "version": "2.107.0-beta.18",
      "resolved": "https://registry.npmjs.org/@supabase/cli-linux-arm64/-/cli-linux-arm64-2.107.0-beta.18.tgz",
      "integrity": "sha512-o0R8h8A2NuC6ScptDhR99ASRipp/vzf5BO2pRLUuaVc6A0/jJWKh5qirb2YTrGDmyvTeLjA+7UqHOZ5gkNRmtg==",
      "cpu": [
        "arm64"
      ],
      "dev": true,
      "license": "MIT",
      "optional": true,
      "os": [
        "linux"
      ]
    },
    "node_modules/@supabase/cli-linux-arm64-musl": {
      "version": "2.107.0-beta.18",
      "resolved": "https://registry.npmjs.org/@supabase/cli-linux-arm64-musl/-/cli-linux-arm64-musl-2.107.0-beta.18.tgz",
      "integrity": "sha512-fC9pYGKQ+BzmxkfPO+5/rnYuFT/XGSIQeySe2NT0FX35jLVaoja4llWhyXWB5HYzwJ+8qStHUBATTL1MGEG2Xg==",
      "cpu": [
        "arm64"
      ],
      "dev": true,
      "license": "MIT",
      "optional": true,
      "os": [
        "linux"
      ]
    },
    "node_modules/@supabase/cli-linux-x64": {
      "version": "2.107.0-beta.18",
      "resolved": "https://registry.npmjs.org/@supabase/cli-linux-x64/-/cli-linux-x64-2.107.0-beta.18.tgz",
      "integrity": "sha512-7xvDfQmpqChUlXwQxeXmT7cswd5KKjtOV213L5V3JuDc3Yvjz9ReO3lRbD//eMp05nTaqlcw+geBJSUkCevMIA==",
      "cpu": [
        "x64"
      ],
      "dev": true,
      "license": "MIT",
      "optional": true,
      "os": [
        "linux"
      ]
    },
    "node_modules/@supabase/cli-linux-x64-musl": {
      "version": "2.107.0-beta.18",
      "resolved": "https://registry.npmjs.org/@supabase/cli-linux-x64-musl/-/cli-linux-x64-musl-2.107.0-beta.18.tgz",
      "integrity": "sha512-T2kuh7wVbqVtct68GeNylP4QcM9B9WtzQBoHVThBARSpN8t9xaOxtoauCSrOGmX3w+6WwzpFBdHaSVwdOTKP4w==",
      "cpu": [
        "x64"
      ],
      "dev": true,
      "license": "MIT",
      "optional": true,
      "os": [
        "linux"
      ]
    },
    "node_modules/@supabase/cli-windows-arm64": {
      "version": "2.107.0-beta.18",
      "resolved": "https://registry.npmjs.org/@supabase/cli-windows-arm64/-/cli-windows-arm64-2.107.0-beta.18.tgz",
      "integrity": "sha512-M7HQse9QoaXdVc0nsfktdGMxYCKiTzKGBwfyLRzVx0Y7bfMoy3IwOD/vFtBscKC8+TFZDr/7i5IRiTFe+Y2ESw==",
      "cpu": [
        "arm64"
      ],
      "dev": true,
      "license": "MIT",
      "optional": true,
      "os": [
        "win32"
      ]
    },
    "node_modules/@supabase/cli-windows-x64": {
      "version": "2.107.0-beta.18",
      "resolved": "https://registry.npmjs.org/@supabase/cli-windows-x64/-/cli-windows-x64-2.107.0-beta.18.tgz",
      "integrity": "sha512-p5eNa94QHHoywMTZeJ+lKiKb84m41ydUJgyifp1gWRzWsgXTJFNgrGXVkc+xTP7nu7lD8333dyqlp6sRDEtb7Q==",
      "cpu": [
        "x64"
      ],
      "dev": true,
      "license": "MIT",
      "optional": true,
      "os": [
        "win32"
      ]
    },
    "node_modules/supabase": {
      "version": "2.107.0-beta.18",
      "resolved": "https://registry.npmjs.org/supabase/-/supabase-2.107.0-beta.18.tgz",
      "integrity": "sha512-5NV9RCpkq/hDDjp+xs7HOnpQGgzk09IozOT6vBRfjPoAXue/C77A9l1CnV5ChRqBSPKis69LWYJBKBXyh980iw==",
      "dev": true,
      "license": "MIT",
      "bin": {
        "supabase": "dist/supabase.js"
      },
      "optionalDependencies": {
        "@supabase/cli-darwin-arm64": "2.107.0-beta.18",
        "@supabase/cli-darwin-x64": "2.107.0-beta.18",
        "@supabase/cli-linux-arm64": "2.107.0-beta.18",
        "@supabase/cli-linux-arm64-musl": "2.107.0-beta.18",
        "@supabase/cli-linux-x64": "2.107.0-beta.18",
        "@supabase/cli-linux-x64-musl": "2.107.0-beta.18",
        "@supabase/cli-windows-arm64": "2.107.0-beta.18",
        "@supabase/cli-windows-x64": "2.107.0-beta.18"
      }
    }
  }
}
